
Microsoft Visual Studio Solution File, Format Version 12.00
# Visual Studio Version 16
VisualStudioVersion = 16.0.33529.622
MinimumVisualStudioVersion = 10.0.40219.1
Project("{FAE04EC0-301F-11D3-BF4B-00C04F79EFBC}") = "WebApplication1", "WebApplication1\WebApplication1.csproj", "{FADEA0EC-C165-4C9A-A3F2-0512BE2AE293}"
EndProject
Global
	GlobalSection(SolutionConfigurationPlatforms) = preSolution
		Debug|Any CPU = Debug|Any CPU
		Release|Any CPU = Release|Any CPU
	EndGlobalSection
	GlobalSection(ProjectConfigurationPlatforms) = postSolution
		{FADEA0EC-C165-4C9A-A3F2-0512BE2AE293}.Debug|Any CPU.ActiveCfg = Debug|Any CPU
		{FADEA0EC-C165-4C9A-A3F2-0512BE2AE293}.Debug|Any CPU.Build.0 = Debug|Any CPU
		{FADEA0EC-C165-4C9A-A3F2-0512BE2AE293}.Release|Any CPU.ActiveCfg = Release|Any CPU
		{FADEA0EC-C165-4C9A-A3F2-0512BE2AE293}.Release|Any CPU.Build.0 = Release|Any CPU
	EndGlobalSection
	GlobalSection(SolutionProperties) = preSolution
		HideSolutionNode = FALSE
	EndGlobalSection
	GlobalSection(ExtensibilityGlobals) = postSolution
		SolutionGuid = {57B0A089-A1D3-4545-A137-D965E5FC1F2B}
	EndGlobalSection
EndGlobal
